
Microsoft Visual Studio Solution File, Format Version 12.00
# Visual Studio Version 17
VisualStudioVersion = 17.14.36301.6
MinimumVisualStudioVersion = 10.0.40219.1
Project("{FAE04EC0-301F-11D3-BF4B-00C04F79EFBC}") = "Eventure", "Eventure\Eventure.csproj", "{2B80BE41-D346-420F-B18C-9FE725959E3C}"
EndProject
Global
	GlobalSection(SolutionConfigurationPlatforms) = preSolution
		Debug|Any CPU = Debug|Any CPU
		Release|Any CPU = Release|Any CPU
	EndGlobalSection
	GlobalSection(ProjectConfigurationPlatforms) = postSolution
		{2B80BE41-D346-420F-B18C-9FE725959E3C}.Debug|Any CPU.ActiveCfg = Debug|Any CPU
		{2B80BE41-D346-420F-B18C-9FE725959E3C}.Debug|Any CPU.Build.0 = Debug|Any CPU
		{2B80BE41-D346-420F-B18C-9FE725959E3C}.Release|Any CPU.ActiveCfg = Release|Any CPU
		{2B80BE41-D346-420F-B18C-9FE725959E3C}.Release|Any CPU.Build.0 = Release|Any CPU
	EndGlobalSection
	GlobalSection(SolutionProperties) = preSolution
		HideSolutionNode = FALSE
	EndGlobalSection
	GlobalSection(ExtensibilityGlobals) = postSolution
		SolutionGuid = {8C91CD54-3702-484A-B0A5-A5685C8E9C6A}
	EndGlobalSection
EndGlobal
